// !$*UTF8*$!
{
	archiveVersion = 1;
	classes = {
	};
	objectVersion = 56;
	objects = {

/* Begin PBXBuildFile section */
		00064A352BB0440A00DB2179 /* YourActivityView.swift in Sources */ = {isa = PBXBuildFile; fileRef = 00064A342BB0440A00DB2179 /* YourActivityView.swift */; };
		002BCB2A2A7A9847003C9ED4 /* TagView.swift in Sources */ = {isa = PBXBuildFile; fileRef = 002BCB292A7A9847003C9ED4 /* TagView.swift */; };
		003ED17C2BADCB4800775034 /* AllActivitiesView.swift in Sources */ = {isa = PBXBuildFile; fileRef = 003ED17B2BADCB4800775034 /* AllActivitiesView.swift */; };
		00694D6B2BA9CA8B008E116E /* ActivityViewModel.swift in Sources */ = {isa = PBXBuildFile; fileRef = 00694D6A2BA9CA8B008E116E /* ActivityViewModel.swift */; };
		006FEB1E2A753B8B0081060D /* TodayActivityCard.swift in Sources */ = {isa = PBXBuildFile; fileRef = 006FEB1D2A753B8B0081060D /* TodayActivityCard.swift */; };
		006FEB252A755FAC0081060D /* ColorExt.swift in Sources */ = {isa = PBXBuildFile; fileRef = 006FEB242A755FAC0081060D /* ColorExt.swift */; };
		007A7BDA2A372895001DB240 /* GuidEducationApp.swift in Sources */ = {isa = PBXBuildFile; fileRef = 007A7BD92A372895001DB240 /* GuidEducationApp.swift */; };
		007A7BDC2A372895001DB240 /* ContentView.swift in Sources */ = {isa = PBXBuildFile; fileRef = 007A7BDB2A372895001DB240 /* ContentView.swift */; };
		007A7BDE2A372896001DB240 /* Assets.xcassets in Resources */ = {isa = PBXBuildFile; fileRef = 007A7BDD2A372896001DB240 /* Assets.xcassets */; };
		007A7BE12A372896001DB240 /* Preview Assets.xcassets in Resources */ = {isa = PBXBuildFile; fileRef = 007A7BE02A372896001DB240 /* Preview Assets.xcassets */; };
		007A7BE82A3728C7001DB240 /* HomeView.swift in Sources */ = {isa = PBXBuildFile; fileRef = 007A7BE72A3728C6001DB240 /* HomeView.swift */; };
		007A7BEC2A372924001DB240 /* ProfileView.swift in Sources */ = {isa = PBXBuildFile; fileRef = 007A7BEB2A372924001DB240 /* ProfileView.swift */; };
		007A7BEE2A372993001DB240 /* NewActivityView.swift in Sources */ = {isa = PBXBuildFile; fileRef = 007A7BED2A372993001DB240 /* NewActivityView.swift */; };
		007A7BF22A372BE1001DB240 /* ActivityModel.swift in Sources */ = {isa = PBXBuildFile; fileRef = 007A7BF12A372BE1001DB240 /* ActivityModel.swift */; };
		007A7BF42A372D1E001DB240 /* ActivityCardView.swift in Sources */ = {isa = PBXBuildFile; fileRef = 007A7BF32A372D1E001DB240 /* ActivityCardView.swift */; };
		00B7F70C2A37A7ED0082ED63 /* GuideCardView.swift in Sources */ = {isa = PBXBuildFile; fileRef = 00B7F70B2A37A7ED0082ED63 /* GuideCardView.swift */; };
		00C669DA2A42E92F00EF8C74 /* SwiftUIView.swift in Sources */ = {isa = PBXBuildFile; fileRef = 00C669D92A42E92F00EF8C74 /* SwiftUIView.swift */; };
/* End PBXBuildFile section */

/* Begin PBXFileReference section */
		00064A342BB0440A00DB2179 /* YourActivityView.swift */ = {isa = PBXFileReference; lastKnownFileType = sourcecode.swift; path = YourActivityView.swift; sourceTree = "<group>"; };
		002BCB292A7A9847003C9ED4 /* TagView.swift */ = {isa = PBXFileReference; lastKnownFileType = sourcecode.swift; path = TagView.swift; sourceTree = "<group>"; };
		003ED17B2BADCB4800775034 /* AllActivitiesView.swift */ = {isa = PBXFileReference; lastKnownFileType = sourcecode.swift; path = AllActivitiesView.swift; sourceTree = "<group>"; };
		00694D6A2BA9CA8B008E116E /* ActivityViewModel.swift */ = {isa = PBXFileReference; lastKnownFileType = sourcecode.swift; path = ActivityViewModel.swift; sourceTree = "<group>"; };
		006FEB1D2A753B8B0081060D /* TodayActivityCard.swift */ = {isa = PBXFileReference; lastKnownFileType = sourcecode.swift; path = TodayActivityCard.swift; sourceTree = "<group>"; };
		006FEB242A755FAC0081060D /* ColorExt.swift */ = {isa = PBXFileReference; lastKnownFileType = sourcecode.swift; path = ColorExt.swift; sourceTree = "<group>"; };
		007A7BD62A372895001DB240 /* GuidEducation.app */ = {isa = PBXFileReference; explicitFileType = wrapper.application; includeInIndex = 0; path = GuidEducation.app; sourceTree = BUILT_PRODUCTS_DIR; };
		007A7BD92A372895001DB240 /* GuidEducationApp.swift */ = {isa = PBXFileReference; lastKnownFileType = sourcecode.swift; path = GuidEducationApp.swift; sourceTree = "<group>"; };
		007A7BDB2A372895001DB240 /* ContentView.swift */ = {isa = PBXFileReference; lastKnownFileType = sourcecode.swift; path = ContentView.swift; sourceTree = "<group>"; };
		007A7BDD2A372896001DB240 /* Assets.xcassets */ = {isa = PBXFileReference; lastKnownFileType = folder.assetcatalog; path = Assets.xcassets; sourceTree = "<group>"; };
		007A7BE02A372896001DB240 /* Preview Assets.xcassets */ = {isa = PBXFileReference; lastKnownFileType = folder.assetcatalog; path = "Preview Assets.xcassets"; sourceTree = "<group>"; };
		007A7BE72A3728C6001DB240 /* HomeView.swift */ = {isa = PBXFileReference; lastKnownFileType = sourcecode.swift; path = HomeView.swift; sourceTree = "<group>"; };
		007A7BEB2A372924001DB240 /* ProfileView.swift */ = {isa = PBXFileReference; lastKnownFileType = sourcecode.swift; path = ProfileView.swift; sourceTree = "<group>"; };
		007A7BED2A372993001DB240 /* NewActivityView.swift */ = {isa = PBXFileReference; lastKnownFileType = sourcecode.swift; path = NewActivityView.swift; sourceTree = "<group>"; };
		007A7BF12A372BE1001DB240 /* ActivityModel.swift */ = {isa = PBXFileReference; lastKnownFileType = sourcecode.swift; path = ActivityModel.swift; sourceTree = "<group>"; };
		007A7BF32A372D1E001DB240 /* ActivityCardView.swift */ = {isa = PBXFileReference; lastKnownFileType = sourcecode.swift; path = ActivityCardView.swift; sourceTree = "<group>"; };
		00B7F70B2A37A7ED0082ED63 /* GuideCardView.swift */ = {isa = PBXFileReference; lastKnownFileType = sourcecode.swift; path = GuideCardView.swift; sourceTree = "<group>"; };
		00C669D92A42E92F00EF8C74 /* SwiftUIView.swift */ = {isa = PBXFileReference; lastKnownFileType = sourcecode.swift; path = SwiftUIView.swift; sourceTree = "<group>"; };
/* End PBXFileReference section */

/* Begin PBXFrameworksBuildPhase section */
		007A7BD32A372895001DB240 /* Frameworks */ = {
			isa = PBXFrameworksBuildPhase;
			buildActionMask = 2147483647;
			files = (
			);
			runOnlyForDeploymentPostprocessing = 0;
		};
/* End PBXFrameworksBuildPhase section */

/* Begin PBXGroup section */
		00694D682BA9CA30008E116E /* Views */ = {
			isa = PBXGroup;
			children = (
				006FEB1C2A753B330081060D /* Components */,
				007A7BE72A3728C6001DB240 /* HomeView.swift */,
				007A7BEB2A372924001DB240 /* ProfileView.swift */,
				003ED17B2BADCB4800775034 /* AllActivitiesView.swift */,
				00064A342BB0440A00DB2179 /* YourActivityView.swift */,
			);
			path = Views;
			sourceTree = "<group>";
		};
		00694D692BA9CA65008E116E /* ViewModels */ = {
			isa = PBXGroup;
			children = (
				00694D6A2BA9CA8B008E116E /* ActivityViewModel.swift */,
			);
			path = ViewModels;
			sourceTree = "<group>";
		};
		006FEB1B2A74C35F0081060D /* App */ = {
			isa = PBXGroup;
			children = (
				007A7BD92A372895001DB240 /* GuidEducationApp.swift */,
				007A7BDB2A372895001DB240 /* ContentView.swift */,
			);
			path = App;
			sourceTree = "<group>";
		};
		006FEB1C2A753B330081060D /* Components */ = {
			isa = PBXGroup;
			children = (
				00B7F70B2A37A7ED0082ED63 /* GuideCardView.swift */,
				006FEB1D2A753B8B0081060D /* TodayActivityCard.swift */,
				007A7BF32A372D1E001DB240 /* ActivityCardView.swift */,
				002BCB292A7A9847003C9ED4 /* TagView.swift */,
			);
			path = Components;
			sourceTree = "<group>";
		};
		006FEB1F2A753B9A0081060D /* Model */ = {
			isa = PBXGroup;
			children = (
				007A7BF12A372BE1001DB240 /* ActivityModel.swift */,
			);
			path = Model;
			sourceTree = "<group>";
		};
		006FEB202A753C8E0081060D /* SupportingFiles */ = {
			isa = PBXGroup;
			children = (
				006FEB212A753CA40081060D /* Resource */,
			);
			path = SupportingFiles;
			sourceTree = "<group>";
		};
		006FEB212A753CA40081060D /* Resource */ = {
			isa = PBXGroup;
			children = (
				007A7BDD2A372896001DB240 /* Assets.xcassets */,
			);
			path = Resource;
			sourceTree = "<group>";
		};
		006FEB222A755F470081060D /* Utils */ = {
			isa = PBXGroup;
			children = (
				006FEB232A755F530081060D /* Extension */,
			);
			path = Utils;
			sourceTree = "<group>";
		};
		006FEB232A755F530081060D /* Extension */ = {
			isa = PBXGroup;
			children = (
				006FEB242A755FAC0081060D /* ColorExt.swift */,
			);
			path = Extension;
			sourceTree = "<group>";
		};
		007A7BCD2A372895001DB240 = {
			isa = PBXGroup;
			children = (
				007A7BD82A372895001DB240 /* GuidEducation */,
				007A7BD72A372895001DB240 /* Products */,
			);
			sourceTree = "<group>";
		};
		007A7BD72A372895001DB240 /* Products */ = {
			isa = PBXGroup;
			children = (
				007A7BD62A372895001DB240 /* GuidEducation.app */,
			);
			name = Products;
			sourceTree = "<group>";
		};
		007A7BD82A372895001DB240 /* GuidEducation */ = {
			isa = PBXGroup;
			children = (
				006FEB1B2A74C35F0081060D /* App */,
				00694D682BA9CA30008E116E /* Views */,
				00694D692BA9CA65008E116E /* ViewModels */,
				006FEB1F2A753B9A0081060D /* Model */,
				006FEB222A755F470081060D /* Utils */,
				006FEB202A753C8E0081060D /* SupportingFiles */,
				007A7BDF2A372896001DB240 /* Preview Content */,
				00C669D92A42E92F00EF8C74 /* SwiftUIView.swift */,
				007A7BED2A372993001DB240 /* NewActivityView.swift */,
			);
			path = GuidEducation;
			sourceTree = "<group>";
		};
		007A7BDF2A372896001DB240 /* Preview Content */ = {
			isa = PBXGroup;
			children = (
				007A7BE02A372896001DB240 /* Preview Assets.xcassets */,
			);
			path = "Preview Content";
			sourceTree = "<group>";
		};
/* End PBXGroup section */

/* Begin PBXNativeTarget section */
		007A7BD52A372895001DB240 /* GuidEducation */ = {
			isa = PBXNativeTarget;
			buildConfigurationList = 007A7BE42A372896001DB240 /* Build configuration list for PBXNativeTarget "GuidEducation" */;
			buildPhases = (
				007A7BD22A372895001DB240 /* Sources */,
				007A7BD32A372895001DB240 /* Frameworks */,
				007A7BD42A372895001DB240 /* Resources */,
			);
			buildRules = (
			);
			dependencies = (
			);
			name = GuidEducation;
			productName = GuidEducation;
			productReference = 007A7BD62A372895001DB240 /* GuidEducation.app */;
			productType = "com.apple.product-type.application";
		};
/* End PBXNativeTarget section */

/* Begin PBXProject section */
		007A7BCE2A372895001DB240 /* Project object */ = {
			isa = PBXProject;
			attributes = {
				BuildIndependentTargetsInParallel = 1;
				LastSwiftUpdateCheck = 1430;
				LastUpgradeCheck = 1530;
				TargetAttributes = {
					007A7BD52A372895001DB240 = {
						CreatedOnToolsVersion = 14.3;
					};
				};
			};
			buildConfigurationList = 007A7BD12A372895001DB240 /* Build configuration list for PBXProject "GuidEducation" */;
			compatibilityVersion = "Xcode 14.0";
			developmentRegion = en;
			hasScannedForEncodings = 0;
			knownRegions = (
				en,
				Base,
			);
			mainGroup = 007A7BCD2A372895001DB240;
			productRefGroup = 007A7BD72A372895001DB240 /* Products */;
			projectDirPath = "";
			projectRoot = "";
			targets = (
				007A7BD52A372895001DB240 /* GuidEducation */,
			);
		};
/* End PBXProject section */

/* Begin PBXResourcesBuildPhase section */
		007A7BD42A372895001DB240 /* Resources */ = {
			isa = PBXResourcesBuildPhase;
			buildActionMask = 2147483647;
			files = (
				007A7BE12A372896001DB240 /* Preview Assets.xcassets in Resources */,
				007A7BDE2A372896001DB240 /* Assets.xcassets in Resources */,
			);
			runOnlyForDeploymentPostprocessing = 0;
		};
/* End PBXResourcesBuildPhase section */

/* Begin PBXSourcesBuildPhase section */
		007A7BD22A372895001DB240 /* Sources */ = {
			isa = PBXSourcesBuildPhase;
			buildActionMask = 2147483647;
			files = (
				007A7BDC2A372895001DB240 /* ContentView.swift in Sources */,
				006FEB252A755FAC0081060D /* ColorExt.swift in Sources */,
				007A7BE82A3728C7001DB240 /* HomeView.swift in Sources */,
				007A7BEC2A372924001DB240 /* ProfileView.swift in Sources */,
				006FEB1E2A753B8B0081060D /* TodayActivityCard.swift in Sources */,
				007A7BF42A372D1E001DB240 /* ActivityCardView.swift in Sources */,
				002BCB2A2A7A9847003C9ED4 /* TagView.swift in Sources */,
				003ED17C2BADCB4800775034 /* AllActivitiesView.swift in Sources */,
				00C669DA2A42E92F00EF8C74 /* SwiftUIView.swift in Sources */,
				00B7F70C2A37A7ED0082ED63 /* GuideCardView.swift in Sources */,
				00694D6B2BA9CA8B008E116E /* ActivityViewModel.swift in Sources */,
				00064A352BB0440A00DB2179 /* YourActivityView.swift in Sources */,
				007A7BF22A372BE1001DB240 /* ActivityModel.swift in Sources */,
				007A7BEE2A372993001DB240 /* NewActivityView.swift in Sources */,
				007A7BDA2A372895001DB240 /* GuidEducationApp.swift in Sources */,
			);
			runOnlyForDeploymentPostprocessing = 0;
		};
/* End PBXSourcesBuildPhase section */

/* Begin XCBuildConfiguration section */
		007A7BE22A372896001DB240 /* Debug */ = {
			isa = XCBuildConfiguration;
			buildSettings = {
				ALWAYS_SEARCH_USER_PATHS = NO;
				CLANG_ANALYZER_NONNULL = YES;
				CLANG_ANALYZER_NUMBER_OBJECT_CONVERSION = YES_AGGRESSIVE;
				CLANG_CXX_LANGUAGE_STANDARD = "gnu++20";
				CLANG_ENABLE_MODULES = YES;
				CLANG_ENABLE_OBJC_ARC = YES;
				CLANG_ENABLE_OBJC_WEAK = YES;
				CLANG_WARN_BLOCK_CAPTURE_AUTORELEASING = YES;
				CLANG_WARN_BOOL_CONVERSION = YES;
				CLANG_WARN_COMMA = YES;
				CLANG_WARN_CONSTANT_CONVERSION = YES;
				CLANG_WARN_DEPRECATED_OBJC_IMPLEMENTATIONS = YES;
				CLANG_WARN_DIRECT_OBJC_ISA_USAGE = YES_ERROR;
				CLANG_WARN_DOCUMENTATION_COMMENTS = YES;
				CLANG_WARN_EMPTY_BODY = YES;
				CLANG_WARN_ENUM_CONVERSION = YES;
				CLANG_WARN_INFINITE_RECURSION = YES;
				CLANG_WARN_INT_CONVERSION = YES;
				CLANG_WARN_NON_LITERAL_NULL_CONVERSION = YES;
				CLANG_WARN_OBJC_IMPLICIT_RETAIN_SELF = YES;
				CLANG_WARN_OBJC_LITERAL_CONVERSION = YES;
				CLANG_WARN_OBJC_ROOT_CLASS = YES_ERROR;
				CLANG_WARN_QUOTED_INCLUDE_IN_FRAMEWORK_HEADER = YES;
				CLANG_WARN_RANGE_LOOP_ANALYSIS = YES;
				CLANG_WARN_STRICT_PROTOTYPES = YES;
				CLANG_WARN_SUSPICIOUS_MOVE = YES;
				CLANG_WARN_UNGUARDED_AVAILABILITY = YES_AGGRESSIVE;
				CLANG_WARN_UNREACHABLE_CODE = YES;
				CLANG_WARN__DUPLICATE_METHOD_MATCH = YES;
				COPY_PHASE_STRIP = NO;
				DEBUG_INFORMATION_FORMAT = dwarf;
				ENABLE_STRICT_OBJC_MSGSEND = YES;
				ENABLE_TESTABILITY = YES;
				ENABLE_USER_SCRIPT_SANDBOXING = YES;
				GCC_C_LANGUAGE_STANDARD = gnu11;
				GCC_DYNAMIC_NO_PIC = NO;
				GCC_NO_COMMON_BLOCKS = YES;
				GCC_OPTIMIZATION_LEVEL = 0;
				GCC_PREPROCESSOR_DEFINITIONS = (
					"DEBUG=1",
					"$(inherited)",
				);
				GCC_WARN_64_TO_32_BIT_CONVERSION = YES;
				GCC_WARN_ABOUT_RETURN_TYPE = YES_ERROR;
				GCC_WARN_UNDECLARED_SELECTOR = YES;
				GCC_WARN_UNINITIALIZED_AUTOS = YES_AGGRESSIVE;
				GCC_WARN_UNUSED_FUNCTION = YES;
				GCC_WARN_UNUSED_VARIABLE = YES;
				IPHONEOS_DEPLOYMENT_TARGET = 16.4;
				MTL_ENABLE_DEBUG_INFO = INCLUDE_SOURCE;
				MTL_FAST_MATH = YES;
				ONLY_ACTIVE_ARCH = YES;
				SDKROOT = iphoneos;
				SWIFT_ACTIVE_COMPILATION_CONDITIONS = DEBUG;
				SWIFT_OPTIMIZATION_LEVEL = "-Onone";
			};
			name = Debug;
		};
		007A7BE32A372896001DB240 /* Release */ = {
			isa = XCBuildConfiguration;
			buildSettings = {
				ALWAYS_SEARCH_USER_PATHS = NO;
				CLANG_ANALYZER_NONNULL = YES;
				CLANG_ANALYZER_NUMBER_OBJECT_CONVERSION = YES_AGGRESSIVE;
				CLANG_CXX_LANGUAGE_STANDARD = "gnu++20";
				CLANG_ENABLE_MODULES = YES;
				CLANG_ENABLE_OBJC_ARC = YES;
				CLANG_ENABLE_OBJC_WEAK = YES;
				CLANG_WARN_BLOCK_CAPTURE_AUTORELEASING = YES;
				CLANG_WARN_BOOL_CONVERSION = YES;
				CLANG_WARN_COMMA = YES;
				CLANG_WARN_CONSTANT_CONVERSION = YES;
				CLANG_WARN_DEPRECATED_OBJC_IMPLEMENTATIONS = YES;
				CLANG_WARN_DIRECT_OBJC_ISA_USAGE = YES_ERROR;
				CLANG_WARN_DOCUMENTATION_COMMENTS = YES;
				CLANG_WARN_EMPTY_BODY = YES;
				CLANG_WARN_ENUM_CONVERSION = YES;
				CLANG_WARN_INFINITE_RECURSION = YES;
				CLANG_WARN_INT_CONVERSION = YES;
				CLANG_WARN_NON_LITERAL_NULL_CONVERSION = YES;
				CLANG_WARN_OBJC_IMPLICIT_RETAIN_SELF = YES;
				CLANG_WARN_OBJC_LITERAL_CONVERSION = YES;
				CLANG_WARN_OBJC_ROOT_CLASS = YES_ERROR;
				CLANG_WARN_QUOTED_INCLUDE_IN_FRAMEWORK_HEADER = YES;
				CLANG_WARN_RANGE_LOOP_ANALYSIS = YES;
				CLANG_WARN_STRICT_PROTOTYPES = YES;
				CLANG_WARN_SUSPICIOUS_MOVE = YES;
				CLANG_WARN_UNGUARDED_AVAILABILITY = YES_AGGRESSIVE;
				CLANG_WARN_UNREACHABLE_CODE = YES;
				CLANG_WARN__DUPLICATE_METHOD_MATCH = YES;
				COPY_PHASE_STRIP = NO;
				DEBUG_INFORMATION_FORMAT = "dwarf-with-dsym";
				ENABLE_NS_ASSERTIONS = NO;
				ENABLE_STRICT_OBJC_MSGSEND = YES;
				ENABLE_USER_SCRIPT_SANDBOXING = YES;
				GCC_C_LANGUAGE_STANDARD = gnu11;
				GCC_NO_COMMON_BLOCKS = YES;
				GCC_WARN_64_TO_32_BIT_CONVERSION = YES;
				GCC_WARN_ABOUT_RETURN_TYPE = YES_ERROR;
				GCC_WARN_UNDECLARED_SELECTOR = YES;
				GCC_WARN_UNINITIALIZED_AUTOS = YES_AGGRESSIVE;
				GCC_WARN_UNUSED_FUNCTION = YES;
				GCC_WARN_UNUSED_VARIABLE = YES;
				IPHONEOS_DEPLOYMENT_TARGET = 16.4;
				MTL_ENABLE_DEBUG_INFO = NO;
				MTL_FAST_MATH = YES;
				SDKROOT = iphoneos;
				SWIFT_COMPILATION_MODE = wholemodule;
				SWIFT_OPTIMIZATION_LEVEL = "-O";
				VALIDATE_PRODUCT = YES;
			};
			name = Release;
		};
		007A7BE52A372896001DB240 /* Debug */ = {
			isa = XCBuildConfiguration;
			buildSettings = {
				ASSETCATALOG_COMPILER_APPICON_NAME = AppIcon;
				ASSETCATALOG_COMPILER_GLOBAL_ACCENT_COLOR_NAME = AccentColor;
				CODE_SIGN_STYLE = Automatic;
				CURRENT_PROJECT_VERSION = 1;
				DEVELOPMENT_ASSET_PATHS = "\"GuidEducation/Preview Content\"";
				DEVELOPMENT_TEAM = HMU6HY67V4;
				ENABLE_PREVIEWS = YES;
				GENERATE_INFOPLIST_FILE = YES;
				INFOPLIST_KEY_UIApplicationSceneManifest_Generation = YES;
				INFOPLIST_KEY_UIApplicationSupportsIndirectInputEvents = YES;
				INFOPLIST_KEY_UILaunchScreen_Generation = YES;
				INFOPLIST_KEY_UISupportedInterfaceOrientations_iPad = "UIInterfaceOrientationPortrait UIInterfaceOrientationPortraitUpsideDown UIInterfaceOrientationLandscapeLeft UIInterfaceOrientationLandscapeRight";
				INFOPLIST_KEY_UISupportedInterfaceOrientations_iPhone = "UIInterfaceOrientationPortrait UIInterfaceOrientationLandscapeLeft UIInterfaceOrientationLandscapeRight";
				LD_RUNPATH_SEARCH_PATHS = (
					"$(inherited)",
					"@executable_path/Frameworks",
				);
				MARKETING_VERSION = 1.0;
				PRODUCT_BUNDLE_IDENTIFIER = Practice.GuidEducation;
				PRODUCT_NAME = "$(TARGET_NAME)";
				SWIFT_EMIT_LOC_STRINGS = YES;
				SWIFT_VERSION = 5.0;
				TARGETED_DEVICE_FAMILY = "1,2";
			};
			name = Debug;
		};
		007A7BE62A372896001DB240 /* Release */ = {
			isa = XCBuildConfiguration;
			buildSettings = {
				ASSETCATALOG_COMPILER_APPICON_NAME = AppIcon;
				ASSETCATALOG_COMPILER_GLOBAL_ACCENT_COLOR_NAME = AccentColor;
				CODE_SIGN_STYLE = Automatic;
				CURRENT_PROJECT_VERSION = 1;
				DEVELOPMENT_ASSET_PATHS = "\"GuidEducation/Preview Content\"";
				DEVELOPMENT_TEAM = HMU6HY67V4;
				ENABLE_PREVIEWS = YES;
				GENERATE_INFOPLIST_FILE = YES;
				INFOPLIST_KEY_UIApplicationSceneManifest_Generation = YES;
				INFOPLIST_KEY_UIApplicationSupportsIndirectInputEvents = YES;
				INFOPLIST_KEY_UILaunchScreen_Generation = YES;
				INFOPLIST_KEY_UISupportedInterfaceOrientations_iPad = "UIInterfaceOrientationPortrait UIInterfaceOrientationPortraitUpsideDown UIInterfaceOrientationLandscapeLeft UIInterfaceOrientationLandscapeRight";
				INFOPLIST_KEY_UISupportedInterfaceOrientations_iPhone = "UIInterfaceOrientationPortrait UIInterfaceOrientationLandscapeLeft UIInterfaceOrientationLandscapeRight";
				LD_RUNPATH_SEARCH_PATHS = (
					"$(inherited)",
					"@executable_path/Frameworks",
				);
				MARKETING_VERSION = 1.0;
				PRODUCT_BUNDLE_IDENTIFIER = Practice.GuidEducation;
				PRODUCT_NAME = "$(TARGET_NAME)";
				SWIFT_EMIT_LOC_STRINGS = YES;
				SWIFT_VERSION = 5.0;
				TARGETED_DEVICE_FAMILY = "1,2";
			};
			name = Release;
		};
/* End XCBuildConfiguration section */

/* Begin XCConfigurationList section */
		007A7BD12A372895001DB240 /* Build configuration list for PBXProject "GuidEducation" */ = {
			isa = XCConfigurationList;
			buildConfigurations = (
				007A7BE22A372896001DB240 /* Debug */,
				007A7BE32A372896001DB240 /* Release */,
			);
			defaultConfigurationIsVisible = 0;
			defaultConfigurationName = Release;
		};
		007A7BE42A372896001DB240 /* Build configuration list for PBXNativeTarget "GuidEducation" */ = {
			isa = XCConfigurationList;
			buildConfigurations = (
				007A7BE52A372896001DB240 /* Debug */,
				007A7BE62A372896001DB240 /* Release */,
			);
			defaultConfigurationIsVisible = 0;
			defaultConfigurationName = Release;
		};
/* End XCConfigurationList section */
	};
	rootObject = 007A7BCE2A372895001DB240 /* Project object */;
}
